
Microsoft Visual Studio Solution File, Format Version 12.00
# Visual Studio Version 17
VisualStudioVersion = 17.14.36518.9 d17.14
MinimumVisualStudioVersion = 10.0.40219.1
Project("{FAE04EC0-301F-11D3-BF4B-00C04F79EFBC}") = "Курсова", "Курсова.csproj", "{BED28A33-B426-4C75-BE70-5A480E21A030}"
EndProject
Global
	GlobalSection(SolutionConfigurationPlatforms) = preSolution
		Debug|Any CPU = Debug|Any CPU
		Release|Any CPU = Release|Any CPU
	EndGlobalSection
	GlobalSection(ProjectConfigurationPlatforms) = postSolution
		{BED28A33-B426-4C75-BE70-5A480E21A030}.Debug|Any CPU.ActiveCfg = Debug|Any CPU
		{BED28A33-B426-4C75-BE70-5A480E21A030}.Debug|Any CPU.Build.0 = Debug|Any CPU
		{BED28A33-B426-4C75-BE70-5A480E21A030}.Release|Any CPU.ActiveCfg = Release|Any CPU
		{BED28A33-B426-4C75-BE70-5A480E21A030}.Release|Any CPU.Build.0 = Release|Any CPU
	EndGlobalSection
	GlobalSection(SolutionProperties) = preSolution
		HideSolutionNode = FALSE
	EndGlobalSection
	GlobalSection(ExtensibilityGlobals) = postSolution
		SolutionGuid = {45636D8B-51C3-4157-A675-702646957ED1}
	EndGlobalSection
EndGlobal
